
Microsoft Visual Studio Solution File, Format Version 12.00
# Visual Studio Version 17
VisualStudioVersion = 17.10.34916.146
MinimumVisualStudioVersion = 10.0.40219.1
Project("{888888A0-9F3D-457C-B088-3A5042F75D52}") = "ABCNeurona", "ABCNeurona.pyproj", "{BB015375-1BD2-4759-ACFB-107295C570D7}"
EndProject
Global
	GlobalSection(SolutionConfigurationPlatforms) = preSolution
		Debug|Any CPU = Debug|Any CPU
		Release|Any CPU = Release|Any CPU
	EndGlobalSection
	GlobalSection(ProjectConfigurationPlatforms) = postSolution
		{BB015375-1BD2-4759-ACFB-107295C570D7}.Debug|Any CPU.ActiveCfg = Debug|Any CPU
		{BB015375-1BD2-4759-ACFB-107295C570D7}.Release|Any CPU.ActiveCfg = Release|Any CPU
	EndGlobalSection
	GlobalSection(SolutionProperties) = preSolution
		HideSolutionNode = FALSE
	EndGlobalSection
	GlobalSection(ExtensibilityGlobals) = postSolution
		SolutionGuid = {BAD52F23-8A7B-4A2E-A8F6-F778F7BCB016}
	EndGlobalSection
EndGlobal
